// !$*UTF8*$!
{
	archiveVersion = 1;
	classes = {
	};
	objectVersion = 51;
	objects = {

/* Begin PBXBuildFile section */
		169872F3238D979C007DD7D1 /* AppDelegate.swift in Sources */ = {isa = PBXBuildFile; fileRef = 169872F2238D979C007DD7D1 /* AppDelegate.swift */; };
		169872F5238D979C007DD7D1 /* SceneDelegate.swift in Sources */ = {isa = PBXBuildFile; fileRef = 169872F4238D979C007DD7D1 /* SceneDelegate.swift */; };
		169872F7238D979C007DD7D1 /* ViewController.swift in Sources */ = {isa = PBXBuildFile; fileRef = 169872F6238D979C007DD7D1 /* ViewController.swift */; };
		169872FC238D979F007DD7D1 /* Assets.xcassets in Resources */ = {isa = PBXBuildFile; fileRef = 169872FB238D979F007DD7D1 /* Assets.xcassets */; };
		16987307238D97D3007DD7D1 /* ViewController.xib in Resources */ = {isa = PBXBuildFile; fileRef = 16987306238D97D3007DD7D1 /* ViewController.xib */; };
		4936E1D823CD360800BC46A6 /* LoginViewController.swift in Sources */ = {isa = PBXBuildFile; fileRef = 4936E1D623CD360800BC46A6 /* LoginViewController.swift */; };
		4936E1DB23CD383300BC46A6 /* LoginViewController.xib in Resources */ = {isa = PBXBuildFile; fileRef = 4936E1DA23CD383300BC46A6 /* LoginViewController.xib */; };
		493FC8DA23D6031100F17363 /* NavigatorViewController.swift in Sources */ = {isa = PBXBuildFile; fileRef = 493FC8D823D6031100F17363 /* NavigatorViewController.swift */; };
		493FC8DB23D6031100F17363 /* NavigatorViewController.xib in Resources */ = {isa = PBXBuildFile; fileRef = 493FC8D923D6031100F17363 /* NavigatorViewController.xib */; };
		493FC8E423D609D400F17363 /* CustomViewCell.swift in Sources */ = {isa = PBXBuildFile; fileRef = 493FC8E223D609D400F17363 /* CustomViewCell.swift */; };
		493FC8E523D609D400F17363 /* CustomViewCell.xib in Resources */ = {isa = PBXBuildFile; fileRef = 493FC8E323D609D400F17363 /* CustomViewCell.xib */; };
		4947523423E98796004CAF95 /* TeamViewCell.swift in Sources */ = {isa = PBXBuildFile; fileRef = 4947523223E98796004CAF95 /* TeamViewCell.swift */; };
		4947523523E98796004CAF95 /* TeamViewCell.xib in Resources */ = {isa = PBXBuildFile; fileRef = 4947523323E98796004CAF95 /* TeamViewCell.xib */; };
		494992D623CCD2590073E67E /* Default-568h@2x.png in Resources */ = {isa = PBXBuildFile; fileRef = 494992D523CCD2590073E67E /* Default-568h@2x.png */; };
		4969C97223CE27CD0098F692 /* User.swift in Sources */ = {isa = PBXBuildFile; fileRef = 4969C97123CE27CD0098F692 /* User.swift */; };
		49D0832A23E03BF500DDC107 /* Race.swift in Sources */ = {isa = PBXBuildFile; fileRef = 49D0832923E03BF500DDC107 /* Race.swift */; };
		49D0832C23E03C0800DDC107 /* BBDDManager.swift in Sources */ = {isa = PBXBuildFile; fileRef = 49D0832B23E03C0800DDC107 /* BBDDManager.swift */; };
		49F1046323E8715A00917F4E /* RaceDetailViewController.swift in Sources */ = {isa = PBXBuildFile; fileRef = 49F1046123E8715A00917F4E /* RaceDetailViewController.swift */; };
		49F1046423E8715A00917F4E /* RaceDetailViewController.xib in Resources */ = {isa = PBXBuildFile; fileRef = 49F1046223E8715A00917F4E /* RaceDetailViewController.xib */; };
		7F90473723DF428E00ABDE3A /* CiclistasViewController.swift in Sources */ = {isa = PBXBuildFile; fileRef = 7F90473523DF428E00ABDE3A /* CiclistasViewController.swift */; };
		7F90473823DF428E00ABDE3A /* CiclistasViewController.xib in Resources */ = {isa = PBXBuildFile; fileRef = 7F90473623DF428E00ABDE3A /* CiclistasViewController.xib */; };
		7F90473A23DF4A3800ABDE3A /* Cyclist.swift in Sources */ = {isa = PBXBuildFile; fileRef = 7F90473923DF4A3800ABDE3A /* Cyclist.swift */; };
		7FC2AF9723E979CB003E7C21 /* CyclistNewViewCell.swift in Sources */ = {isa = PBXBuildFile; fileRef = 7FC2AF9523E979CB003E7C21 /* CyclistNewViewCell.swift */; };
		7FC2AF9823E979CB003E7C21 /* CyclistNewViewCell.xib in Resources */ = {isa = PBXBuildFile; fileRef = 7FC2AF9623E979CB003E7C21 /* CyclistNewViewCell.xib */; };
		7FFD610C23D61C8300439605 /* TabBarController.swift in Sources */ = {isa = PBXBuildFile; fileRef = 7FFD610B23D61C8300439605 /* TabBarController.swift */; };
		7FFD610E23D61CA100439605 /* ThemeManager.swift in Sources */ = {isa = PBXBuildFile; fileRef = 7FFD610D23D61CA100439605 /* ThemeManager.swift */; };
		7FFD611123D61D6A00439605 /* PerfilViewController.swift in Sources */ = {isa = PBXBuildFile; fileRef = 7FFD610F23D61D6A00439605 /* PerfilViewController.swift */; };
		7FFD611223D61D6A00439605 /* PerfilViewController.xib in Resources */ = {isa = PBXBuildFile; fileRef = 7FFD611023D61D6A00439605 /* PerfilViewController.xib */; };
		B0C09CD4CBF9B63E65452474 /* Pods_Proyecto.framework in Frameworks */ = {isa = PBXBuildFile; fileRef = 1BAD5D9C8DC0D7FCD2F18B03 /* Pods_Proyecto.framework */; };
/* End PBXBuildFile section */

/* Begin PBXFileReference section */
		169872EF238D979C007DD7D1 /* Proyecto.app */ = {isa = PBXFileReference; explicitFileType = wrapper.application; includeInIndex = 0; path = Proyecto.app; sourceTree = BUILT_PRODUCTS_DIR; };
		169872F2238D979C007DD7D1 /* AppDelegate.swift */ = {isa = PBXFileReference; lastKnownFileType = sourcecode.swift; path = AppDelegate.swift; sourceTree = "<group>"; };
		169872F4238D979C007DD7D1 /* SceneDelegate.swift */ = {isa = PBXFileReference; lastKnownFileType = sourcecode.swift; path = SceneDelegate.swift; sourceTree = "<group>"; };
		169872F6238D979C007DD7D1 /* ViewController.swift */ = {isa = PBXFileReference; lastKnownFileType = sourcecode.swift; path = ViewController.swift; sourceTree = "<group>"; };
		169872FB238D979F007DD7D1 /* Assets.xcassets */ = {isa = PBXFileReference; lastKnownFileType = folder.assetcatalog; path = Assets.xcassets; sourceTree = "<group>"; };
		16987300238D979F007DD7D1 /* Info.plist */ = {isa = PBXFileReference; lastKnownFileType = text.plist.xml; path = Info.plist; sourceTree = "<group>"; };
		16987306238D97D3007DD7D1 /* ViewController.xib */ = {isa = PBXFileReference; lastKnownFileType = file.xib; path = ViewController.xib; sourceTree = "<group>"; };
		1BAD5D9C8DC0D7FCD2F18B03 /* Pods_Proyecto.framework */ = {isa = PBXFileReference; explicitFileType = wrapper.framework; includeInIndex = 0; path = Pods_Proyecto.framework; sourceTree = BUILT_PRODUCTS_DIR; };
		1D72F324F36A49F0C164564D /* Pods-Proyecto.release.xcconfig */ = {isa = PBXFileReference; includeInIndex = 1; lastKnownFileType = text.xcconfig; name = "Pods-Proyecto.release.xcconfig"; path = "Target Support Files/Pods-Proyecto/Pods-Proyecto.release.xcconfig"; sourceTree = "<group>"; };
		4936E1D623CD360800BC46A6 /* LoginViewController.swift */ = {isa = PBXFileReference; lastKnownFileType = sourcecode.swift; path = LoginViewController.swift; sourceTree = "<group>"; };
		4936E1DA23CD383300BC46A6 /* LoginViewController.xib */ = {isa = PBXFileReference; fileEncoding = 4; lastKnownFileType = file.xib; path = LoginViewController.xib; sourceTree = "<group>"; };
		493FC8D823D6031100F17363 /* NavigatorViewController.swift */ = {isa = PBXFileReference; lastKnownFileType = sourcecode.swift; path = NavigatorViewController.swift; sourceTree = "<group>"; };
		493FC8D923D6031100F17363 /* NavigatorViewController.xib */ = {isa = PBXFileReference; lastKnownFileType = file.xib; path = NavigatorViewController.xib; sourceTree = "<group>"; };
		493FC8E223D609D400F17363 /* CustomViewCell.swift */ = {isa = PBXFileReference; lastKnownFileType = sourcecode.swift; path = CustomViewCell.swift; sourceTree = "<group>"; };
		493FC8E323D609D400F17363 /* CustomViewCell.xib */ = {isa = PBXFileReference; lastKnownFileType = file.xib; path = CustomViewCell.xib; sourceTree = "<group>"; };
		4947523223E98796004CAF95 /* TeamViewCell.swift */ = {isa = PBXFileReference; lastKnownFileType = sourcecode.swift; path = TeamViewCell.swift; sourceTree = "<group>"; };
		4947523323E98796004CAF95 /* TeamViewCell.xib */ = {isa = PBXFileReference; lastKnownFileType = file.xib; path = TeamViewCell.xib; sourceTree = "<group>"; };
		494992D523CCD2590073E67E /* Default-568h@2x.png */ = {isa = PBXFileReference; lastKnownFileType = image.png; path = "Default-568h@2x.png"; sourceTree = "<group>"; };
		4969C97123CE27CD0098F692 /* User.swift */ = {isa = PBXFileReference; lastKnownFileType = sourcecode.swift; path = User.swift; sourceTree = "<group>"; };
		49D0832923E03BF500DDC107 /* Race.swift */ = {isa = PBXFileReference; lastKnownFileType = sourcecode.swift; path = Race.swift; sourceTree = "<group>"; };
		49D0832B23E03C0800DDC107 /* BBDDManager.swift */ = {isa = PBXFileReference; lastKnownFileType = sourcecode.swift; path = BBDDManager.swift; sourceTree = "<group>"; };
		49F1046123E8715A00917F4E /* RaceDetailViewController.swift */ = {isa = PBXFileReference; lastKnownFileType = sourcecode.swift; path = RaceDetailViewController.swift; sourceTree = "<group>"; };
		49F1046223E8715A00917F4E /* RaceDetailViewController.xib */ = {isa = PBXFileReference; lastKnownFileType = file.xib; path = RaceDetailViewController.xib; sourceTree = "<group>"; };
		7F90473523DF428E00ABDE3A /* CiclistasViewController.swift */ = {isa = PBXFileReference; lastKnownFileType = sourcecode.swift; path = CiclistasViewController.swift; sourceTree = "<group>"; };
		7F90473623DF428E00ABDE3A /* CiclistasViewController.xib */ = {isa = PBXFileReference; lastKnownFileType = file.xib; path = CiclistasViewController.xib; sourceTree = "<group>"; };
		7F90473923DF4A3800ABDE3A /* Cyclist.swift */ = {isa = PBXFileReference; lastKnownFileType = sourcecode.swift; path = Cyclist.swift; sourceTree = "<group>"; };
		7FC2AF9523E979CB003E7C21 /* CyclistNewViewCell.swift */ = {isa = PBXFileReference; lastKnownFileType = sourcecode.swift; path = CyclistNewViewCell.swift; sourceTree = "<group>"; };
		7FC2AF9623E979CB003E7C21 /* CyclistNewViewCell.xib */ = {isa = PBXFileReference; lastKnownFileType = file.xib; path = CyclistNewViewCell.xib; sourceTree = "<group>"; };
		7FFD610B23D61C8300439605 /* TabBarController.swift */ = {isa = PBXFileReference; lastKnownFileType = sourcecode.swift; path = TabBarController.swift; sourceTree = "<group>"; };
		7FFD610D23D61CA100439605 /* ThemeManager.swift */ = {isa = PBXFileReference; lastKnownFileType = sourcecode.swift; path = ThemeManager.swift; sourceTree = "<group>"; };
		7FFD610F23D61D6A00439605 /* PerfilViewController.swift */ = {isa = PBXFileReference; lastKnownFileType = sourcecode.swift; path = PerfilViewController.swift; sourceTree = "<group>"; };
		7FFD611023D61D6A00439605 /* PerfilViewController.xib */ = {isa = PBXFileReference; lastKnownFileType = file.xib; path = PerfilViewController.xib; sourceTree = "<group>"; };
		BB14A2E0A676DB6CC0254C4A /* Pods-Proyecto.debug.xcconfig */ = {isa = PBXFileReference; includeInIndex = 1; lastKnownFileType = text.xcconfig; name = "Pods-Proyecto.debug.xcconfig"; path = "Target Support Files/Pods-Proyecto/Pods-Proyecto.debug.xcconfig"; sourceTree = "<group>"; };
/* End PBXFileReference section */

/* Begin PBXFrameworksBuildPhase section */
		169872EC238D979C007DD7D1 /* Frameworks */ = {
			isa = PBXFrameworksBuildPhase;
			buildActionMask = 2147483647;
			files = (
				B0C09CD4CBF9B63E65452474 /* Pods_Proyecto.framework in Frameworks */,
			);
			runOnlyForDeploymentPostprocessing = 0;
		};
/* End PBXFrameworksBuildPhase section */

/* Begin PBXGroup section */
		05E85DDABAA5A27CB2694A66 /* Pods */ = {
			isa = PBXGroup;
			children = (
				BB14A2E0A676DB6CC0254C4A /* Pods-Proyecto.debug.xcconfig */,
				1D72F324F36A49F0C164564D /* Pods-Proyecto.release.xcconfig */,
			);
			path = Pods;
			sourceTree = "<group>";
		};
		0BFB38355F5D837153421450 /* Frameworks */ = {
			isa = PBXGroup;
			children = (
				1BAD5D9C8DC0D7FCD2F18B03 /* Pods_Proyecto.framework */,
			);
			name = Frameworks;
			sourceTree = "<group>";
		};
		169872E6238D979C007DD7D1 = {
			isa = PBXGroup;
			children = (
				494992D523CCD2590073E67E /* Default-568h@2x.png */,
				169872F1238D979C007DD7D1 /* Proyecto */,
				169872F0238D979C007DD7D1 /* Products */,
				05E85DDABAA5A27CB2694A66 /* Pods */,
				0BFB38355F5D837153421450 /* Frameworks */,
			);
			sourceTree = "<group>";
		};
		169872F0238D979C007DD7D1 /* Products */ = {
			isa = PBXGroup;
			children = (
				169872EF238D979C007DD7D1 /* Proyecto.app */,
			);
			name = Products;
			sourceTree = "<group>";
		};
		169872F1238D979C007DD7D1 /* Proyecto */ = {
			isa = PBXGroup;
			children = (
				493FC8DD23D605B200F17363 /* controller */,
				493FC8DC23D605A300F17363 /* view */,
				4969C97023CE27A00098F692 /* model */,
				169872F2238D979C007DD7D1 /* AppDelegate.swift */,
				169872F4238D979C007DD7D1 /* SceneDelegate.swift */,
				169872FB238D979F007DD7D1 /* Assets.xcassets */,
				16987300238D979F007DD7D1 /* Info.plist */,
			);
			path = Proyecto;
			sourceTree = "<group>";
		};
		493FC8DC23D605A300F17363 /* view */ = {
			isa = PBXGroup;
			children = (
				49F1046223E8715A00917F4E /* RaceDetailViewController.xib */,
				7F90473623DF428E00ABDE3A /* CiclistasViewController.xib */,
				7FFD611023D61D6A00439605 /* PerfilViewController.xib */,
				16987306238D97D3007DD7D1 /* ViewController.xib */,
				4936E1DA23CD383300BC46A6 /* LoginViewController.xib */,
				493FC8E323D609D400F17363 /* CustomViewCell.xib */,
				493FC8D923D6031100F17363 /* NavigatorViewController.xib */,
				7FC2AF9623E979CB003E7C21 /* CyclistNewViewCell.xib */,
				4947523323E98796004CAF95 /* TeamViewCell.xib */,
			);
			path = view;
			sourceTree = "<group>";
		};
		493FC8DD23D605B200F17363 /* controller */ = {
			isa = PBXGroup;
			children = (
				49F1046123E8715A00917F4E /* RaceDetailViewController.swift */,
				49D0832B23E03C0800DDC107 /* BBDDManager.swift */,
				7FFD610F23D61D6A00439605 /* PerfilViewController.swift */,
				493FC8D823D6031100F17363 /* NavigatorViewController.swift */,
				7FFD610B23D61C8300439605 /* TabBarController.swift */,
				7FFD610D23D61CA100439605 /* ThemeManager.swift */,
				4936E1D623CD360800BC46A6 /* LoginViewController.swift */,
				169872F6238D979C007DD7D1 /* ViewController.swift */,
				493FC8E223D609D400F17363 /* CustomViewCell.swift */,
				4947523223E98796004CAF95 /* TeamViewCell.swift */,
				7F90473523DF428E00ABDE3A /* CiclistasViewController.swift */,
				7FC2AF9523E979CB003E7C21 /* CyclistNewViewCell.swift */,
			);
			path = controller;
			sourceTree = "<group>";
		};
		4969C97023CE27A00098F692 /* model */ = {
			isa = PBXGroup;
			children = (
				49D0832923E03BF500DDC107 /* Race.swift */,
				4969C97123CE27CD0098F692 /* User.swift */,
				7F90473923DF4A3800ABDE3A /* Cyclist.swift */,
			);
			path = model;
			sourceTree = "<group>";
		};
/* End PBXGroup section */

/* Begin PBXNativeTarget section */
		169872EE238D979C007DD7D1 /* Proyecto */ = {
			isa = PBXNativeTarget;
			buildConfigurationList = 16987303238D979F007DD7D1 /* Build configuration list for PBXNativeTarget "Proyecto" */;
			buildPhases = (
				9210B48F269C6AED6835C619 /* [CP] Check Pods Manifest.lock */,
				169872EB238D979C007DD7D1 /* Sources */,
				169872EC238D979C007DD7D1 /* Frameworks */,
				169872ED238D979C007DD7D1 /* Resources */,
				ECACA5C86747A54DEAC2F535 /* [CP] Embed Pods Frameworks */,
				D6CF8D1218894A2BD5B19A73 /* [CP] Copy Pods Resources */,
			);
			buildRules = (
			);
			dependencies = (
			);
			name = Proyecto;
			productName = UF2Pract1;
			productReference = 169872EF238D979C007DD7D1 /* Proyecto.app */;
			productType = "com.apple.product-type.application";
		};
/* End PBXNativeTarget section */

/* Begin PBXProject section */
		169872E7238D979C007DD7D1 /* Project object */ = {
			isa = PBXProject;
			attributes = {
				LastSwiftUpdateCheck = 1120;
				LastUpgradeCheck = 1120;
				ORGANIZATIONNAME = DAM2T;
				TargetAttributes = {
					169872EE238D979C007DD7D1 = {
						CreatedOnToolsVersion = 11.2.1;
					};
				};
			};
			buildConfigurationList = 169872EA238D979C007DD7D1 /* Build configuration list for PBXProject "Proyecto" */;
			compatibilityVersion = "Xcode 9.3";
			developmentRegion = en;
			hasScannedForEncodings = 0;
			knownRegions = (
				en,
				Base,
			);
			mainGroup = 169872E6238D979C007DD7D1;
			productRefGroup = 169872F0238D979C007DD7D1 /* Products */;
			projectDirPath = "";
			projectRoot = "";
			targets = (
				169872EE238D979C007DD7D1 /* Proyecto */,
			);
		};
/* End PBXProject section */

/* Begin PBXResourcesBuildPhase section */
		169872ED238D979C007DD7D1 /* Resources */ = {
			isa = PBXResourcesBuildPhase;
			buildActionMask = 2147483647;
			files = (
				4936E1DB23CD383300BC46A6 /* LoginViewController.xib in Resources */,
				7FFD611223D61D6A00439605 /* PerfilViewController.xib in Resources */,
				7FC2AF9823E979CB003E7C21 /* CyclistNewViewCell.xib in Resources */,
				494992D623CCD2590073E67E /* Default-568h@2x.png in Resources */,
				16987307238D97D3007DD7D1 /* ViewController.xib in Resources */,
				493FC8DB23D6031100F17363 /* NavigatorViewController.xib in Resources */,
				493FC8E523D609D400F17363 /* CustomViewCell.xib in Resources */,
				4947523523E98796004CAF95 /* TeamViewCell.xib in Resources */,
				7F90473823DF428E00ABDE3A /* CiclistasViewController.xib in Resources */,
				49F1046423E8715A00917F4E /* RaceDetailViewController.xib in Resources */,
				169872FC238D979F007DD7D1 /* Assets.xcassets in Resources */,
			);
			runOnlyForDeploymentPostprocessing = 0;
		};
/* End PBXResourcesBuildPhase section */

/* Begin PBXShellScriptBuildPhase section */
		9210B48F269C6AED6835C619 /* [CP] Check Pods Manifest.lock */ = {
			isa = PBXShellScriptBuildPhase;
			buildActionMask = 2147483647;
			files = (
			);
			inputFileListPaths = (
			);
			inputPaths = (
				"${PODS_PODFILE_DIR_PATH}/Podfile.lock",
				"${PODS_ROOT}/Manifest.lock",
			);
			name = "[CP] Check Pods Manifest.lock";
			outputFileListPaths = (
			);
			outputPaths = (
				"$(DERIVED_FILE_DIR)/Pods-Proyecto-checkManifestLockResult.txt",
			);
			runOnlyForDeploymentPostprocessing = 0;
			shellPath = /bin/sh;
			shellScript = "diff \"${PODS_PODFILE_DIR_PATH}/Podfile.lock\" \"${PODS_ROOT}/Manifest.lock\" > /dev/null\nif [ $? != 0 ] ; then\n    # print error to STDERR\n    echo \"error: The sandbox is not in sync with the Podfile.lock. Run 'pod install' or update your CocoaPods installation.\" >&2\n    exit 1\nfi\n# This output is used by Xcode 'outputs' to avoid re-running this script phase.\necho \"SUCCESS\" > \"${SCRIPT_OUTPUT_FILE_0}\"\n";
			showEnvVarsInLog = 0;
		};
		D6CF8D1218894A2BD5B19A73 /* [CP] Copy Pods Resources */ = {
			isa = PBXShellScriptBuildPhase;
			buildActionMask = 2147483647;
			files = (
			);
			inputFileListPaths = (
				"${PODS_ROOT}/Target Support Files/Pods-Proyecto/Pods-Proyecto-resources-${CONFIGURATION}-input-files.xcfilelist",
			);
			name = "[CP] Copy Pods Resources";
			outputFileListPaths = (
				"${PODS_ROOT}/Target Support Files/Pods-Proyecto/Pods-Proyecto-resources-${CONFIGURATION}-output-files.xcfilelist",
			);
			runOnlyForDeploymentPostprocessing = 0;
			shellPath = /bin/sh;
			shellScript = "\"${PODS_ROOT}/Target Support Files/Pods-Proyecto/Pods-Proyecto-resources.sh\"\n";
			showEnvVarsInLog = 0;
		};
		ECACA5C86747A54DEAC2F535 /* [CP] Embed Pods Frameworks */ = {
			isa = PBXShellScriptBuildPhase;
			buildActionMask = 2147483647;
			files = (
			);
			inputFileListPaths = (
				"${PODS_ROOT}/Target Support Files/Pods-Proyecto/Pods-Proyecto-frameworks-${CONFIGURATION}-input-files.xcfilelist",
			);
			name = "[CP] Embed Pods Frameworks";
			outputFileListPaths = (
				"${PODS_ROOT}/Target Support Files/Pods-Proyecto/Pods-Proyecto-frameworks-${CONFIGURATION}-output-files.xcfilelist",
			);
			runOnlyForDeploymentPostprocessing = 0;
			shellPath = /bin/sh;
			shellScript = "\"${PODS_ROOT}/Target Support Files/Pods-Proyecto/Pods-Proyecto-frameworks.sh\"\n";
			showEnvVarsInLog = 0;
		};
/* End PBXShellScriptBuildPhase section */

/* Begin PBXSourcesBuildPhase section */
		169872EB238D979C007DD7D1 /* Sources */ = {
			isa = PBXSourcesBuildPhase;
			buildActionMask = 2147483647;
			files = (
				7F90473723DF428E00ABDE3A /* CiclistasViewController.swift in Sources */,
				493FC8DA23D6031100F17363 /* NavigatorViewController.swift in Sources */,
				7FFD610C23D61C8300439605 /* TabBarController.swift in Sources */,
				4936E1D823CD360800BC46A6 /* LoginViewController.swift in Sources */,
				493FC8E423D609D400F17363 /* CustomViewCell.swift in Sources */,
				49D0832A23E03BF500DDC107 /* Race.swift in Sources */,
				7FC2AF9723E979CB003E7C21 /* CyclistNewViewCell.swift in Sources */,
				7FFD611123D61D6A00439605 /* PerfilViewController.swift in Sources */,
				169872F7238D979C007DD7D1 /* ViewController.swift in Sources */,
				7FFD610E23D61CA100439605 /* ThemeManager.swift in Sources */,
				49F1046323E8715A00917F4E /* RaceDetailViewController.swift in Sources */,
				169872F3238D979C007DD7D1 /* AppDelegate.swift in Sources */,
				4969C97223CE27CD0098F692 /* User.swift in Sources */,
				49D0832C23E03C0800DDC107 /* BBDDManager.swift in Sources */,
				4947523423E98796004CAF95 /* TeamViewCell.swift in Sources */,
				169872F5238D979C007DD7D1 /* SceneDelegate.swift in Sources */,
				7F90473A23DF4A3800ABDE3A /* Cyclist.swift in Sources */,
			);
			runOnlyForDeploymentPostprocessing = 0;
		};
/* End PBXSourcesBuildPhase section */

/* Begin XCBuildConfiguration section */
		16987301238D979F007DD7D1 /* Debug */ = {
			isa = XCBuildConfiguration;
			buildSettings = {
				ALWAYS_SEARCH_USER_PATHS = NO;
				CLANG_ANALYZER_NONNULL = YES;
				CLANG_ANALYZER_NUMBER_OBJECT_CONVERSION = YES_AGGRESSIVE;
				CLANG_CXX_LANGUAGE_STANDARD = "gnu++14";
				CLANG_CXX_LIBRARY = "libc++";
				CLANG_ENABLE_MODULES = YES;
				CLANG_ENABLE_OBJC_ARC = YES;
				CLANG_ENABLE_OBJC_WEAK = YES;
				CLANG_WARN_BLOCK_CAPTURE_AUTORELEASING = YES;
				CLANG_WARN_BOOL_CONVERSION = YES;
				CLANG_WARN_COMMA = YES;
				CLANG_WARN_CONSTANT_CONVERSION = YES;
				CLANG_WARN_DEPRECATED_OBJC_IMPLEMENTATIONS = YES;
				CLANG_WARN_DIRECT_OBJC_ISA_USAGE = YES_ERROR;
				CLANG_WARN_DOCUMENTATION_COMMENTS = YES;
				CLANG_WARN_EMPTY_BODY = YES;
				CLANG_WARN_ENUM_CONVERSION = YES;
				CLANG_WARN_INFINITE_RECURSION = YES;
				CLANG_WARN_INT_CONVERSION = YES;
				CLANG_WARN_NON_LITERAL_NULL_CONVERSION = YES;
				CLANG_WARN_OBJC_IMPLICIT_RETAIN_SELF = YES;
				CLANG_WARN_OBJC_LITERAL_CONVERSION = YES;
				CLANG_WARN_OBJC_ROOT_CLASS = YES_ERROR;
				CLANG_WARN_RANGE_LOOP_ANALYSIS = YES;
				CLANG_WARN_STRICT_PROTOTYPES = YES;
				CLANG_WARN_SUSPICIOUS_MOVE = YES;
				CLANG_WARN_UNGUARDED_AVAILABILITY = YES_AGGRESSIVE;
				CLANG_WARN_UNREACHABLE_CODE = YES;
				CLANG_WARN__DUPLICATE_METHOD_MATCH = YES;
				COPY_PHASE_STRIP = NO;
				DEBUG_INFORMATION_FORMAT = dwarf;
				ENABLE_STRICT_OBJC_MSGSEND = YES;
				ENABLE_TESTABILITY = YES;
				GCC_C_LANGUAGE_STANDARD = gnu11;
				GCC_DYNAMIC_NO_PIC = NO;
				GCC_NO_COMMON_BLOCKS = YES;
				GCC_OPTIMIZATION_LEVEL = 0;
				GCC_PREPROCESSOR_DEFINITIONS = (
					"DEBUG=1",
					"$(inherited)",
				);
				GCC_WARN_64_TO_32_BIT_CONVERSION = YES;
				GCC_WARN_ABOUT_RETURN_TYPE = YES_ERROR;
				GCC_WARN_UNDECLARED_SELECTOR = YES;
				GCC_WARN_UNINITIALIZED_AUTOS = YES_AGGRESSIVE;
				GCC_WARN_UNUSED_FUNCTION = YES;
				GCC_WARN_UNUSED_VARIABLE = YES;
				IPHONEOS_DEPLOYMENT_TARGET = 13.2;
				MTL_ENABLE_DEBUG_INFO = INCLUDE_SOURCE;
				MTL_FAST_MATH = YES;
				ONLY_ACTIVE_ARCH = YES;
				SDKROOT = iphoneos;
				SWIFT_ACTIVE_COMPILATION_CONDITIONS = DEBUG;
				SWIFT_OPTIMIZATION_LEVEL = "-Onone";
			};
			name = Debug;
		};
		16987302238D979F007DD7D1 /* Release */ = {
			isa = XCBuildConfiguration;
			buildSettings = {
				ALWAYS_SEARCH_USER_PATHS = NO;
				CLANG_ANALYZER_NONNULL = YES;
				CLANG_ANALYZER_NUMBER_OBJECT_CONVERSION = YES_AGGRESSIVE;
				CLANG_CXX_LANGUAGE_STANDARD = "gnu++14";
				CLANG_CXX_LIBRARY = "libc++";
				CLANG_ENABLE_MODULES = YES;
				CLANG_ENABLE_OBJC_ARC = YES;
				CLANG_ENABLE_OBJC_WEAK = YES;
				CLANG_WARN_BLOCK_CAPTURE_AUTORELEASING = YES;
				CLANG_WARN_BOOL_CONVERSION = YES;
				CLANG_WARN_COMMA = YES;
				CLANG_WARN_CONSTANT_CONVERSION = YES;
				CLANG_WARN_DEPRECATED_OBJC_IMPLEMENTATIONS = YES;
				CLANG_WARN_DIRECT_OBJC_ISA_USAGE = YES_ERROR;
				CLANG_WARN_DOCUMENTATION_COMMENTS = YES;
				CLANG_WARN_EMPTY_BODY = YES;
				CLANG_WARN_ENUM_CONVERSION = YES;
				CLANG_WARN_INFINITE_RECURSION = YES;
				CLANG_WARN_INT_CONVERSION = YES;
				CLANG_WARN_NON_LITERAL_NULL_CONVERSION = YES;
				CLANG_WARN_OBJC_IMPLICIT_RETAIN_SELF = YES;
				CLANG_WARN_OBJC_LITERAL_CONVERSION = YES;
				CLANG_WARN_OBJC_ROOT_CLASS = YES_ERROR;
				CLANG_WARN_RANGE_LOOP_ANALYSIS = YES;
				CLANG_WARN_STRICT_PROTOTYPES = YES;
				CLANG_WARN_SUSPICIOUS_MOVE = YES;
				CLANG_WARN_UNGUARDED_AVAILABILITY = YES_AGGRESSIVE;
				CLANG_WARN_UNREACHABLE_CODE = YES;
				CLANG_WARN__DUPLICATE_METHOD_MATCH = YES;
				COPY_PHASE_STRIP = NO;
				DEBUG_INFORMATION_FORMAT = "dwarf-with-dsym";
				ENABLE_NS_ASSERTIONS = NO;
				ENABLE_STRICT_OBJC_MSGSEND = YES;
				GCC_C_LANGUAGE_STANDARD = gnu11;
				GCC_NO_COMMON_BLOCKS = YES;
				GCC_WARN_64_TO_32_BIT_CONVERSION = YES;
				GCC_WARN_ABOUT_RETURN_TYPE = YES_ERROR;
				GCC_WARN_UNDECLARED_SELECTOR = YES;
				GCC_WARN_UNINITIALIZED_AUTOS = YES_AGGRESSIVE;
				GCC_WARN_UNUSED_FUNCTION = YES;
				GCC_WARN_UNUSED_VARIABLE = YES;
				IPHONEOS_DEPLOYMENT_TARGET = 13.2;
				MTL_ENABLE_DEBUG_INFO = NO;
				MTL_FAST_MATH = YES;
				SDKROOT = iphoneos;
				SWIFT_COMPILATION_MODE = wholemodule;
				SWIFT_OPTIMIZATION_LEVEL = "-O";
				VALIDATE_PRODUCT = YES;
			};
			name = Release;
		};
		16987304238D979F007DD7D1 /* Debug */ = {
			isa = XCBuildConfiguration;
			baseConfigurationReference = BB14A2E0A676DB6CC0254C4A /* Pods-Proyecto.debug.xcconfig */;
			buildSettings = {
				ASSETCATALOG_COMPILER_APPICON_NAME = AppIcon;
				CODE_SIGN_STYLE = Automatic;
				INFOPLIST_FILE = Proyecto/Info.plist;
				LD_RUNPATH_SEARCH_PATHS = (
					"$(inherited)",
					"@executable_path/Frameworks",
				);
				PRODUCT_BUNDLE_IDENTIFIER = com.stucom.Proyecto;
				PRODUCT_NAME = Proyecto;
				SWIFT_VERSION = 5.0;
				TARGETED_DEVICE_FAMILY = 1;
			};
			name = Debug;
		};
		16987305238D979F007DD7D1 /* Release */ = {
			isa = XCBuildConfiguration;
			baseConfigurationReference = 1D72F324F36A49F0C164564D /* Pods-Proyecto.release.xcconfig */;
			buildSettings = {
				ASSETCATALOG_COMPILER_APPICON_NAME = AppIcon;
				CODE_SIGN_STYLE = Automatic;
				INFOPLIST_FILE = Proyecto/Info.plist;
				LD_RUNPATH_SEARCH_PATHS = (
					"$(inherited)",
					"@executable_path/Frameworks",
				);
				PRODUCT_BUNDLE_IDENTIFIER = com.stucom.Proyecto;
				PRODUCT_NAME = Proyecto;
				SWIFT_VERSION = 5.0;
				TARGETED_DEVICE_FAMILY = 1;
			};
			name = Release;
		};
/* End XCBuildConfiguration section */

/* Begin XCConfigurationList section */
		169872EA238D979C007DD7D1 /* Build configuration list for PBXProject "Proyecto" */ = {
			isa = XCConfigurationList;
			buildConfigurations = (
				16987301238D979F007DD7D1 /* Debug */,
				16987302238D979F007DD7D1 /* Release */,
			);
			defaultConfigurationIsVisible = 0;
			defaultConfigurationName = Release;
		};
		16987303238D979F007DD7D1 /* Build configuration list for PBXNativeTarget "Proyecto" */ = {
			isa = XCConfigurationList;
			buildConfigurations = (
				16987304238D979F007DD7D1 /* Debug */,
				16987305238D979F007DD7D1 /* Release */,
			);
			defaultConfigurationIsVisible = 0;
			defaultConfigurationName = Release;
		};
/* End XCConfigurationList section */
	};
	rootObject = 169872E7238D979C007DD7D1 /* Project object */;
}
